
Microsoft Visual Studio Solution File, Format Version 12.00
# Visual Studio Version 16
VisualStudioVersion = 16.0.29025.244
MinimumVisualStudioVersion = 10.0.40219.1
Project("{FAE04EC0-301F-11D3-BF4B-00C04F79EFBC}") = "testGitHub", "testGitHub\testGitHub.csproj", "{67D686A8-C93F-4C75-8786-7AF1DD949AEC}"
EndProject
Global
	GlobalSection(SolutionConfigurationPlatforms) = preSolution
		Debug|Any CPU = Debug|Any CPU
		Release|Any CPU = Release|Any CPU
	EndGlobalSection
	GlobalSection(ProjectConfigurationPlatforms) = postSolution
		{67D686A8-C93F-4C75-8786-7AF1DD949AEC}.Debug|Any CPU.ActiveCfg = Debug|Any CPU
		{67D686A8-C93F-4C75-8786-7AF1DD949AEC}.Debug|Any CPU.Build.0 = Debug|Any CPU
		{67D686A8-C93F-4C75-8786-7AF1DD949AEC}.Release|Any CPU.ActiveCfg = Release|Any CPU
		{67D686A8-C93F-4C75-8786-7AF1DD949AEC}.Release|Any CPU.Build.0 = Release|Any CPU
	EndGlobalSection
	GlobalSection(SolutionProperties) = preSolution
		HideSolutionNode = FALSE
	EndGlobalSection
	GlobalSection(ExtensibilityGlobals) = postSolution
		SolutionGuid = {95F8066A-85C4-431A-B514-510F6BE1E30C}
	EndGlobalSection
EndGlobal
